
Microsoft Visual Studio Solution File, Format Version 12.00
Project("{FAE04EC0-301F-11D3-BF4B-00C04F79EFBC}") = "ByzantineSwarmDotnet.Console", "ByzantineSwarmDotnet.Console.csproj", "{7222A842-48D0-4392-BB1E-3717BC508A2B}"
EndProject
Global
	GlobalSection(SolutionConfigurationPlatforms) = preSolution
		Debug|Any CPU = Debug|Any CPU
		Release|Any CPU = Release|Any CPU
	EndGlobalSection
	GlobalSection(ProjectConfigurationPlatforms) = postSolution
		{7222A842-48D0-4392-BB1E-3717BC508A2B}.Debug|Any CPU.ActiveCfg = Debug|Any CPU
		{7222A842-48D0-4392-BB1E-3717BC508A2B}.Debug|Any CPU.Build.0 = Debug|Any CPU
		{7222A842-48D0-4392-BB1E-3717BC508A2B}.Release|Any CPU.ActiveCfg = Release|Any CPU
		{7222A842-48D0-4392-BB1E-3717BC508A2B}.Release|Any CPU.Build.0 = Release|Any CPU
	EndGlobalSection
EndGlobal
