
Microsoft Visual Studio Solution File, Format Version 12.00
# Visual Studio Version 17
VisualStudioVersion = 17.0.31903.59
MinimumVisualStudioVersion = 10.0.40219.1
Project("{FAE04EC0-301F-11D3-BF4B-00C04F79EFBC}") = "HiveMindSwarmDotnet.Console", "src\HiveMindSwarmDotnet.Console.csproj", "{ED5D77B9-7C72-4D11-B6A8-8AECCD2C96FB}"
EndProject
Project("{FAE04EC0-301F-11D3-BF4B-00C04F79EFBC}") = "HiveMindSwarmDotnet.Examples", "Examples\HiveMindSwarmDotnet.Examples.csproj", "{BE538920-0BDD-4EA6-9062-8E78FEA9F417}"
EndProject
Global
	GlobalSection(SolutionConfigurationPlatforms) = preSolution
		Debug|Any CPU = Debug|Any CPU
		Release|Any CPU = Release|Any CPU
	EndGlobalSection
	GlobalSection(SolutionProperties) = preSolution
		HideSolutionNode = FALSE
	EndGlobalSection
	GlobalSection(ProjectConfigurationPlatforms) = postSolution
		{ED5D77B9-7C72-4D11-B6A8-8AECCD2C96FB}.Debug|Any CPU.ActiveCfg = Debug|Any CPU
		{ED5D77B9-7C72-4D11-B6A8-8AECCD2C96FB}.Debug|Any CPU.Build.0 = Debug|Any CPU
		{ED5D77B9-7C72-4D11-B6A8-8AECCD2C96FB}.Release|Any CPU.ActiveCfg = Release|Any CPU
		{ED5D77B9-7C72-4D11-B6A8-8AECCD2C96FB}.Release|Any CPU.Build.0 = Release|Any CPU
		{BE538920-0BDD-4EA6-9062-8E78FEA9F417}.Debug|Any CPU.ActiveCfg = Debug|Any CPU
		{BE538920-0BDD-4EA6-9062-8E78FEA9F417}.Debug|Any CPU.Build.0 = Debug|Any CPU
		{BE538920-0BDD-4EA6-9062-8E78FEA9F417}.Release|Any CPU.ActiveCfg = Release|Any CPU
		{BE538920-0BDD-4EA6-9062-8E78FEA9F417}.Release|Any CPU.Build.0 = Release|Any CPU
	EndGlobalSection
EndGlobal
